// !$*UTF8*$!
{
	archiveVersion = 1;
	classes = {
	};
	objectVersion = 46;
	objects = {

/* Begin PBXBuildFile section */
		0B2CD8AA1C8844C60055BD50 /* ChannelClient.swift in Sources */ = {isa = PBXBuildFile; fileRef = 0B2CD8A91C8844C60055BD50 /* ChannelClient.swift */; };
		0B2CD8AD1C8846270055BD50 /* Channel.swift in Sources */ = {isa = PBXBuildFile; fileRef = 0B2CD8AC1C8846270055BD50 /* Channel.swift */; };
		0B2CD8AF1C8846650055BD50 /* ChannelItem.swift in Sources */ = {isa = PBXBuildFile; fileRef = 0B2CD8AE1C8846650055BD50 /* ChannelItem.swift */; };
		0B40EE751C8BC05C00E6B65E /* ChannelManager.swift in Sources */ = {isa = PBXBuildFile; fileRef = 0B40EE741C8BC05C00E6B65E /* ChannelManager.swift */; };
		0B4B4F891CB65B2A00DAEE96 /* GoogleService-Info.plist in Resources */ = {isa = PBXBuildFile; fileRef = 0B4B4F881CB65B2A00DAEE96 /* GoogleService-Info.plist */; };
		0B597B511C844AD900D4AC57 /* AppDelegate.swift in Sources */ = {isa = PBXBuildFile; fileRef = 0B597B501C844AD900D4AC57 /* AppDelegate.swift */; };
		0B597B531C844AD900D4AC57 /* PlayerViewController.swift in Sources */ = {isa = PBXBuildFile; fileRef = 0B597B521C844AD900D4AC57 /* PlayerViewController.swift */; };
		0B597B561C844AD900D4AC57 /* Login.storyboard in Resources */ = {isa = PBXBuildFile; fileRef = 0B597B541C844AD900D4AC57 /* Login.storyboard */; };
		0B597B581C844AD900D4AC57 /* Assets.xcassets in Resources */ = {isa = PBXBuildFile; fileRef = 0B597B571C844AD900D4AC57 /* Assets.xcassets */; };
		0B597B5B1C844AD900D4AC57 /* LaunchScreen.storyboard in Resources */ = {isa = PBXBuildFile; fileRef = 0B597B591C844AD900D4AC57 /* LaunchScreen.storyboard */; };
		0B951B1E1C94ED520068C6AF /* CuratedInfo.swift in Sources */ = {isa = PBXBuildFile; fileRef = 0B951B1D1C94ED520068C6AF /* CuratedInfo.swift */; };
		0B951B201C94ED950068C6AF /* CarouselItem.swift in Sources */ = {isa = PBXBuildFile; fileRef = 0B951B1F1C94ED950068C6AF /* CarouselItem.swift */; };
		0B951B221C96ACD10068C6AF /* YoutubePlayerView.swift in Sources */ = {isa = PBXBuildFile; fileRef = 0B951B211C96ACD10068C6AF /* YoutubePlayerView.swift */; };
		0B951B241C96B0580068C6AF /* SmartuPlayer.swift in Sources */ = {isa = PBXBuildFile; fileRef = 0B951B231C96B0580068C6AF /* SmartuPlayer.swift */; };
		0B951B261C9927EE0068C6AF /* Tweet.swift in Sources */ = {isa = PBXBuildFile; fileRef = 0B951B251C9927EE0068C6AF /* Tweet.swift */; };
		0B951B281C99280F0068C6AF /* TweetMedia.swift in Sources */ = {isa = PBXBuildFile; fileRef = 0B951B271C99280F0068C6AF /* TweetMedia.swift */; };
		0B951B2B1C9928690068C6AF /* DateManager.swift in Sources */ = {isa = PBXBuildFile; fileRef = 0B951B2A1C9928690068C6AF /* DateManager.swift */; };
		0B951B2D1C99307C0068C6AF /* TweetUser.swift in Sources */ = {isa = PBXBuildFile; fileRef = 0B951B2C1C99307C0068C6AF /* TweetUser.swift */; };
		0B9744C71CAD1DE5006C829E /* StopTimer.swift in Sources */ = {isa = PBXBuildFile; fileRef = 0B9744C61CAD1DE5006C829E /* StopTimer.swift */; };
		0B9744C91CAFAF2A006C829E /* Queue.swift in Sources */ = {isa = PBXBuildFile; fileRef = 0B9744C81CAFAF2A006C829E /* Queue.swift */; };
		492D02741C8B5E37000AAF17 /* ChannelTableViewCell.swift in Sources */ = {isa = PBXBuildFile; fileRef = 492D02721C8B5E37000AAF17 /* ChannelTableViewCell.swift */; };
		492D02751C8B5E37000AAF17 /* ChannelTableViewCell.xib in Resources */ = {isa = PBXBuildFile; fileRef = 492D02731C8B5E37000AAF17 /* ChannelTableViewCell.xib */; };
		492D029B1C8BE100000AAF17 /* Settings.storyboard in Resources */ = {isa = PBXBuildFile; fileRef = 492D029A1C8BE100000AAF17 /* Settings.storyboard */; };
		492D029D1C8BE119000AAF17 /* SettingsViewController.swift in Sources */ = {isa = PBXBuildFile; fileRef = 492D029C1C8BE119000AAF17 /* SettingsViewController.swift */; };
		492D02A01C8BE961000AAF17 /* Profile.storyboard in Resources */ = {isa = PBXBuildFile; fileRef = 492D029F1C8BE961000AAF17 /* Profile.storyboard */; };
		492D02A21C8BE997000AAF17 /* ProfileViewController.swift in Sources */ = {isa = PBXBuildFile; fileRef = 492D02A11C8BE997000AAF17 /* ProfileViewController.swift */; };
		492D02A51C8D1866000AAF17 /* Channels.storyboard in Resources */ = {isa = PBXBuildFile; fileRef = 492D02A41C8D1866000AAF17 /* Channels.storyboard */; };
		492D02A71C8D188F000AAF17 /* ChannelsViewController.swift in Sources */ = {isa = PBXBuildFile; fileRef = 492D02A61C8D188F000AAF17 /* ChannelsViewController.swift */; };
		492D02AA1C8FD7BD000AAF17 /* ChannelCollectionViewCell.xib in Resources */ = {isa = PBXBuildFile; fileRef = 492D02A91C8FD7BD000AAF17 /* ChannelCollectionViewCell.xib */; };
		492D02B11C916D3A000AAF17 /* ChannelCollectionPagingViewCell.swift in Sources */ = {isa = PBXBuildFile; fileRef = 492D02AF1C916D3A000AAF17 /* ChannelCollectionPagingViewCell.swift */; };
		492D02B21C916D3A000AAF17 /* ChannelCollectionPagingViewCell.xib in Resources */ = {isa = PBXBuildFile; fileRef = 492D02B01C916D3A000AAF17 /* ChannelCollectionPagingViewCell.xib */; };
		492D02B51C916F54000AAF17 /* ChannelCollectionPageView.xib in Resources */ = {isa = PBXBuildFile; fileRef = 492D02B41C916F54000AAF17 /* ChannelCollectionPageView.xib */; };
		492D02B71C916F7E000AAF17 /* ChannelCollectionPageView.swift in Sources */ = {isa = PBXBuildFile; fileRef = 492D02B61C916F7E000AAF17 /* ChannelCollectionPageView.swift */; };
		495B34551C937AC4002A4ADD /* SegmentedControl.swift in Sources */ = {isa = PBXBuildFile; fileRef = 495B34541C937AC4002A4ADD /* SegmentedControl.swift */; };
		49E805671C9D139F009249CF /* UINavigationControllerNoRotate.swift in Sources */ = {isa = PBXBuildFile; fileRef = 49E805661C9D139F009249CF /* UINavigationControllerNoRotate.swift */; };
		9A68103F1CA0E15A003B0E38 /* Constants.swift in Sources */ = {isa = PBXBuildFile; fileRef = 9A68103E1CA0E15A003B0E38 /* Constants.swift */; };
		9AF70B0D1C973D9200302187 /* NativePlayerView.swift in Sources */ = {isa = PBXBuildFile; fileRef = 9AF70B0C1C973D9200302187 /* NativePlayerView.swift */; };
		9AF70B0F1C974F9200302187 /* TweetPlayerView.swift in Sources */ = {isa = PBXBuildFile; fileRef = 9AF70B0E1C974F9200302187 /* TweetPlayerView.swift */; };
		A202E8DD1CAA7665005E7DED /* EmptyChannelTableViewCell.xib in Resources */ = {isa = PBXBuildFile; fileRef = A202E8DC1CAA7665005E7DED /* EmptyChannelTableViewCell.xib */; };
		A202E8DF1CAA772A005E7DED /* EmptyChannelTableViewCell.swift in Sources */ = {isa = PBXBuildFile; fileRef = A202E8DE1CAA772A005E7DED /* EmptyChannelTableViewCell.swift */; };
		A202E8E91CAFA604005E7DED /* HeaderCell.swift in Sources */ = {isa = PBXBuildFile; fileRef = A202E8E81CAFA604005E7DED /* HeaderCell.swift */; };
		A2047F801CB2F80C0087C2F7 /* TopAlignedLabel.swift in Sources */ = {isa = PBXBuildFile; fileRef = A2047F7F1CB2F80C0087C2F7 /* TopAlignedLabel.swift */; };
		A2047F821CB3003E0087C2F7 /* ChannelEmptyCell.xib in Resources */ = {isa = PBXBuildFile; fileRef = A2047F811CB3003E0087C2F7 /* ChannelEmptyCell.xib */; };
		A2047F841CB300880087C2F7 /* ChannelEmptyCell.swift in Sources */ = {isa = PBXBuildFile; fileRef = A2047F831CB300880087C2F7 /* ChannelEmptyCell.swift */; };
		A22F63A11CA5280000AAA126 /* FacebookLoginClient.swift in Sources */ = {isa = PBXBuildFile; fileRef = A22F63A01CA5280000AAA126 /* FacebookLoginClient.swift */; };
		A23EC38F1C968BB800398BF2 /* MyChannelTableViewCell.swift in Sources */ = {isa = PBXBuildFile; fileRef = A23EC38E1C968BB800398BF2 /* MyChannelTableViewCell.swift */; };
		A23EC3911C968BC700398BF2 /* MyChannelTableViewCell.xib in Resources */ = {isa = PBXBuildFile; fileRef = A23EC3901C968BC700398BF2 /* MyChannelTableViewCell.xib */; };
		A29BA4951C900D8200ED13A5 /* DataLayer.swift in Sources */ = {isa = PBXBuildFile; fileRef = A29BA4941C900D8200ED13A5 /* DataLayer.swift */; };
		A29BA4971C9120FD00ED13A5 /* User.swift in Sources */ = {isa = PBXBuildFile; fileRef = A29BA4961C9120FD00ED13A5 /* User.swift */; };
		A29BA4991C91235400ED13A5 /* Filters.swift in Sources */ = {isa = PBXBuildFile; fileRef = A29BA4981C91235400ED13A5 /* Filters.swift */; };
		A29BA49B1C9124FD00ED13A5 /* Mock.swift in Sources */ = {isa = PBXBuildFile; fileRef = A29BA49A1C9124FD00ED13A5 /* Mock.swift */; };
		A2A3A3C41C8ACC7A00D1173C /* Player.storyboard in Resources */ = {isa = PBXBuildFile; fileRef = A2A3A3C21C8ACC7A00D1173C /* Player.storyboard */; };
		A2A3A3C61C8ACCAF00D1173C /* LoginViewController.swift in Sources */ = {isa = PBXBuildFile; fileRef = A2A3A3C51C8ACCAF00D1173C /* LoginViewController.swift */; };
		A2A3A3C81C8AD50B00D1173C /* HomeViewController.swift in Sources */ = {isa = PBXBuildFile; fileRef = A2A3A3C71C8AD50B00D1173C /* HomeViewController.swift */; };
		A2A3A3CA1C8AD8B900D1173C /* FiltersViewController.swift in Sources */ = {isa = PBXBuildFile; fileRef = A2A3A3C91C8AD8B900D1173C /* FiltersViewController.swift */; };
		A2A3A3CC1C8AD8D600D1173C /* ChannelEditorViewController.swift in Sources */ = {isa = PBXBuildFile; fileRef = A2A3A3CB1C8AD8D600D1173C /* ChannelEditorViewController.swift */; };
		A2A3A3CE1C8AD90400D1173C /* ExploreViewController.swift in Sources */ = {isa = PBXBuildFile; fileRef = A2A3A3CD1C8AD90400D1173C /* ExploreViewController.swift */; };
		A2A3A3D01C8AD94A00D1173C /* MyChannelsViewController.swift in Sources */ = {isa = PBXBuildFile; fileRef = A2A3A3CF1C8AD94A00D1173C /* MyChannelsViewController.swift */; };
		A2A3A3D31C8AD99100D1173C /* MyChannels.storyboard in Resources */ = {isa = PBXBuildFile; fileRef = A2A3A3D11C8AD99100D1173C /* MyChannels.storyboard */; };
		A2A3A3D51C8AD9A300D1173C /* Explore.storyboard in Resources */ = {isa = PBXBuildFile; fileRef = A2A3A3D41C8AD9A300D1173C /* Explore.storyboard */; };
		A2A3A3D81C8AD9C200D1173C /* ChannelEditor.storyboard in Resources */ = {isa = PBXBuildFile; fileRef = A2A3A3D61C8AD9C200D1173C /* ChannelEditor.storyboard */; };
		A2A3A3DB1C8AD9E500D1173C /* Filters.storyboard in Resources */ = {isa = PBXBuildFile; fileRef = A2A3A3D91C8AD9E500D1173C /* Filters.storyboard */; };
		A2A3A3DD1C8AE1C200D1173C /* Home.storyboard in Resources */ = {isa = PBXBuildFile; fileRef = A2A3A3DC1C8AE1C200D1173C /* Home.storyboard */; };
		A2A3A3DF1C8AF74500D1173C /* ChannelCollectionViewCell.swift in Sources */ = {isa = PBXBuildFile; fileRef = A2A3A3DE1C8AF74500D1173C /* ChannelCollectionViewCell.swift */; };
		A2AD4ECD1CA1D80B00810E96 /* HighlightedStateView.swift in Sources */ = {isa = PBXBuildFile; fileRef = A2AD4ECC1CA1D80B00810E96 /* HighlightedStateView.swift */; };
		A2B9E1551C9A14D9009FD91B /* TweetCell.swift in Sources */ = {isa = PBXBuildFile; fileRef = A2B9E1541C9A14D9009FD91B /* TweetCell.swift */; };
		A2B9E1581C9A1540009FD91B /* TweetCell.xib in Resources */ = {isa = PBXBuildFile; fileRef = A2B9E1571C9A1540009FD91B /* TweetCell.xib */; };
		A2B9E15D1C9A509A009FD91B /* ExploreSectionCollectionReusableView.swift in Sources */ = {isa = PBXBuildFile; fileRef = A2B9E15C1C9A509A009FD91B /* ExploreSectionCollectionReusableView.swift */; };
		A2B9E15F1C9AC09D009FD91B /* GradientView.swift in Sources */ = {isa = PBXBuildFile; fileRef = A2B9E15E1C9AC09D009FD91B /* GradientView.swift */; };
		A2B9E1621C9B5274009FD91B /* ProfileAvatarCell.swift in Sources */ = {isa = PBXBuildFile; fileRef = A2B9E1611C9B5274009FD91B /* ProfileAvatarCell.swift */; };
		A2B9E1661C9B611D009FD91B /* MenuView.storyboard in Resources */ = {isa = PBXBuildFile; fileRef = A2B9E1651C9B611D009FD91B /* MenuView.storyboard */; };
		A2B9E1681C9B618C009FD91B /* MenuViewController.swift in Sources */ = {isa = PBXBuildFile; fileRef = A2B9E1671C9B618C009FD91B /* MenuViewController.swift */; };
		A2F231E81C8D22060053956D /* Theme.swift in Sources */ = {isa = PBXBuildFile; fileRef = A2F231E71C8D22060053956D /* Theme.swift */; };
		A2F231EE1C8D69D10053956D /* FilterSwitchCell.xib in Resources */ = {isa = PBXBuildFile; fileRef = A2F231ED1C8D69D10053956D /* FilterSwitchCell.xib */; };
		A2F231F01C8D6AB20053956D /* FilterSwitchCell.swift in Sources */ = {isa = PBXBuildFile; fileRef = A2F231EF1C8D6AB20053956D /* FilterSwitchCell.swift */; };
		A2F231F31C8D7A590053956D /* FilterSelectCell.swift in Sources */ = {isa = PBXBuildFile; fileRef = A2F231F21C8D7A590053956D /* FilterSelectCell.swift */; };
		A2F231F51C8D7A670053956D /* FilterSelectCell.xib in Resources */ = {isa = PBXBuildFile; fileRef = A2F231F41C8D7A670053956D /* FilterSelectCell.xib */; };
		EC301C8EF77F940651D7034B /* Pods_TeeVee.framework in Frameworks */ = {isa = PBXBuildFile; fileRef = 9B0715D39343243A2CF77246 /* Pods_TeeVee.framework */; };
/* End PBXBuildFile section */

/* Begin PBXFileReference section */
		0B2CD8A91C8844C60055BD50 /* ChannelClient.swift */ = {isa = PBXFileReference; fileEncoding = 4; lastKnownFileType = sourcecode.swift; lineEnding = 0; path = ChannelClient.swift; sourceTree = "<group>"; xcLanguageSpecificationIdentifier = xcode.lang.swift; };
		0B2CD8AC1C8846270055BD50 /* Channel.swift */ = {isa = PBXFileReference; fileEncoding = 4; lastKnownFileType = sourcecode.swift; path = Channel.swift; sourceTree = "<group>"; };
		0B2CD8AE1C8846650055BD50 /* ChannelItem.swift */ = {isa = PBXFileReference; fileEncoding = 4; lastKnownFileType = sourcecode.swift; path = ChannelItem.swift; sourceTree = "<group>"; };
		0B2CD8BB1C8AFC500055BD50 /* SmartChannel-Bridging-Header.h */ = {isa = PBXFileReference; lastKnownFileType = sourcecode.c.h; path = "SmartChannel-Bridging-Header.h"; sourceTree = "<group>"; };
		0B40EE741C8BC05C00E6B65E /* ChannelManager.swift */ = {isa = PBXFileReference; fileEncoding = 4; lastKnownFileType = sourcecode.swift; path = ChannelManager.swift; sourceTree = "<group>"; };
		0B4B4F881CB65B2A00DAEE96 /* GoogleService-Info.plist */ = {isa = PBXFileReference; fileEncoding = 4; lastKnownFileType = text.plist.xml; path = "GoogleService-Info.plist"; sourceTree = "<group>"; };
		0B597B4D1C844AD900D4AC57 /* TeeVee.app */ = {isa = PBXFileReference; explicitFileType = wrapper.application; includeInIndex = 0; path = TeeVee.app; sourceTree = BUILT_PRODUCTS_DIR; };
		0B597B501C844AD900D4AC57 /* AppDelegate.swift */ = {isa = PBXFileReference; lastKnownFileType = sourcecode.swift; path = AppDelegate.swift; sourceTree = "<group>"; };
		0B597B521C844AD900D4AC57 /* PlayerViewController.swift */ = {isa = PBXFileReference; lastKnownFileType = sourcecode.swift; name = PlayerViewController.swift; path = SmartStream/PlayerViewController.swift; sourceTree = "<group>"; };
		0B597B551C844AD900D4AC57 /* Base */ = {isa = PBXFileReference; lastKnownFileType = file.storyboard; name = Base; path = Base.lproj/Login.storyboard; sourceTree = "<group>"; };
		0B597B571C844AD900D4AC57 /* Assets.xcassets */ = {isa = PBXFileReference; lastKnownFileType = folder.assetcatalog; path = Assets.xcassets; sourceTree = "<group>"; };
		0B597B5A1C844AD900D4AC57 /* Base */ = {isa = PBXFileReference; lastKnownFileType = file.storyboard; name = Base; path = Base.lproj/LaunchScreen.storyboard; sourceTree = "<group>"; };
		0B597B5C1C844AD900D4AC57 /* Info.plist */ = {isa = PBXFileReference; lastKnownFileType = text.plist.xml; path = Info.plist; sourceTree = "<group>"; };
		0B951B1D1C94ED520068C6AF /* CuratedInfo.swift */ = {isa = PBXFileReference; fileEncoding = 4; lastKnownFileType = sourcecode.swift; path = CuratedInfo.swift; sourceTree = "<group>"; };
		0B951B1F1C94ED950068C6AF /* CarouselItem.swift */ = {isa = PBXFileReference; fileEncoding = 4; lastKnownFileType = sourcecode.swift; path = CarouselItem.swift; sourceTree = "<group>"; };
		0B951B211C96ACD10068C6AF /* YoutubePlayerView.swift */ = {isa = PBXFileReference; fileEncoding = 4; lastKnownFileType = sourcecode.swift; path = YoutubePlayerView.swift; sourceTree = "<group>"; };
		0B951B231C96B0580068C6AF /* SmartuPlayer.swift */ = {isa = PBXFileReference; fileEncoding = 4; lastKnownFileType = sourcecode.swift; path = SmartuPlayer.swift; sourceTree = "<group>"; };
		0B951B251C9927EE0068C6AF /* Tweet.swift */ = {isa = PBXFileReference; fileEncoding = 4; lastKnownFileType = sourcecode.swift; path = Tweet.swift; sourceTree = "<group>"; };
		0B951B271C99280F0068C6AF /* TweetMedia.swift */ = {isa = PBXFileReference; fileEncoding = 4; lastKnownFileType = sourcecode.swift; path = TweetMedia.swift; sourceTree = "<group>"; };
		0B951B2A1C9928690068C6AF /* DateManager.swift */ = {isa = PBXFileReference; fileEncoding = 4; lastKnownFileType = sourcecode.swift; path = DateManager.swift; sourceTree = "<group>"; };
		0B951B2C1C99307C0068C6AF /* TweetUser.swift */ = {isa = PBXFileReference; fileEncoding = 4; lastKnownFileType = sourcecode.swift; path = TweetUser.swift; sourceTree = "<group>"; };
		0B9744C61CAD1DE5006C829E /* StopTimer.swift */ = {isa = PBXFileReference; fileEncoding = 4; lastKnownFileType = sourcecode.swift; path = StopTimer.swift; sourceTree = "<group>"; };
		0B9744C81CAFAF2A006C829E /* Queue.swift */ = {isa = PBXFileReference; fileEncoding = 4; lastKnownFileType = sourcecode.swift; path = Queue.swift; sourceTree = "<group>"; };
		492D02721C8B5E37000AAF17 /* ChannelTableViewCell.swift */ = {isa = PBXFileReference; fileEncoding = 4; lastKnownFileType = sourcecode.swift; path = ChannelTableViewCell.swift; sourceTree = "<group>"; };
		492D02731C8B5E37000AAF17 /* ChannelTableViewCell.xib */ = {isa = PBXFileReference; fileEncoding = 4; lastKnownFileType = file.xib; path = ChannelTableViewCell.xib; sourceTree = "<group>"; };
		492D029A1C8BE100000AAF17 /* Settings.storyboard */ = {isa = PBXFileReference; fileEncoding = 4; lastKnownFileType = file.storyboard; path = Settings.storyboard; sourceTree = "<group>"; };
		492D029C1C8BE119000AAF17 /* SettingsViewController.swift */ = {isa = PBXFileReference; fileEncoding = 4; lastKnownFileType = sourcecode.swift; path = SettingsViewController.swift; sourceTree = "<group>"; };
		492D029F1C8BE961000AAF17 /* Profile.storyboard */ = {isa = PBXFileReference; fileEncoding = 4; lastKnownFileType = file.storyboard; path = Profile.storyboard; sourceTree = "<group>"; };
		492D02A11C8BE997000AAF17 /* ProfileViewController.swift */ = {isa = PBXFileReference; fileEncoding = 4; lastKnownFileType = sourcecode.swift; path = ProfileViewController.swift; sourceTree = "<group>"; };
		492D02A41C8D1866000AAF17 /* Channels.storyboard */ = {isa = PBXFileReference; fileEncoding = 4; lastKnownFileType = file.storyboard; path = Channels.storyboard; sourceTree = "<group>"; };
		492D02A61C8D188F000AAF17 /* ChannelsViewController.swift */ = {isa = PBXFileReference; fileEncoding = 4; lastKnownFileType = sourcecode.swift; lineEnding = 0; path = ChannelsViewController.swift; sourceTree = "<group>"; xcLanguageSpecificationIdentifier = xcode.lang.swift; };
		492D02A91C8FD7BD000AAF17 /* ChannelCollectionViewCell.xib */ = {isa = PBXFileReference; fileEncoding = 4; lastKnownFileType = file.xib; path = ChannelCollectionViewCell.xib; sourceTree = "<group>"; };
		492D02AF1C916D3A000AAF17 /* ChannelCollectionPagingViewCell.swift */ = {isa = PBXFileReference; fileEncoding = 4; lastKnownFileType = sourcecode.swift; path = ChannelCollectionPagingViewCell.swift; sourceTree = "<group>"; };
		492D02B01C916D3A000AAF17 /* ChannelCollectionPagingViewCell.xib */ = {isa = PBXFileReference; fileEncoding = 4; lastKnownFileType = file.xib; path = ChannelCollectionPagingViewCell.xib; sourceTree = "<group>"; };
		492D02B41C916F54000AAF17 /* ChannelCollectionPageView.xib */ = {isa = PBXFileReference; fileEncoding = 4; lastKnownFileType = file.xib; path = ChannelCollectionPageView.xib; sourceTree = "<group>"; };
		492D02B61C916F7E000AAF17 /* ChannelCollectionPageView.swift */ = {isa = PBXFileReference; fileEncoding = 4; lastKnownFileType = sourcecode.swift; path = ChannelCollectionPageView.swift; sourceTree = "<group>"; };
		495B34541C937AC4002A4ADD /* SegmentedControl.swift */ = {isa = PBXFileReference; fileEncoding = 4; lastKnownFileType = sourcecode.swift; path = SegmentedControl.swift; sourceTree = "<group>"; };
		49E805661C9D139F009249CF /* UINavigationControllerNoRotate.swift */ = {isa = PBXFileReference; fileEncoding = 4; lastKnownFileType = sourcecode.swift; path = UINavigationControllerNoRotate.swift; sourceTree = "<group>"; };
		60ACCFF50C60CCC4519D3769 /* Pods_SmartStream.framework */ = {isa = PBXFileReference; explicitFileType = wrapper.framework; includeInIndex = 0; path = Pods_SmartStream.framework; sourceTree = BUILT_PRODUCTS_DIR; };
		9A68103E1CA0E15A003B0E38 /* Constants.swift */ = {isa = PBXFileReference; fileEncoding = 4; lastKnownFileType = sourcecode.swift; path = Constants.swift; sourceTree = "<group>"; };
		9AF70B0C1C973D9200302187 /* NativePlayerView.swift */ = {isa = PBXFileReference; fileEncoding = 4; lastKnownFileType = sourcecode.swift; path = NativePlayerView.swift; sourceTree = "<group>"; };
		9AF70B0E1C974F9200302187 /* TweetPlayerView.swift */ = {isa = PBXFileReference; fileEncoding = 4; lastKnownFileType = sourcecode.swift; path = TweetPlayerView.swift; sourceTree = "<group>"; };
		9B0715D39343243A2CF77246 /* Pods_TeeVee.framework */ = {isa = PBXFileReference; explicitFileType = wrapper.framework; includeInIndex = 0; path = Pods_TeeVee.framework; sourceTree = BUILT_PRODUCTS_DIR; };
		A202E8DC1CAA7665005E7DED /* EmptyChannelTableViewCell.xib */ = {isa = PBXFileReference; fileEncoding = 4; lastKnownFileType = file.xib; path = EmptyChannelTableViewCell.xib; sourceTree = "<group>"; };
		A202E8DE1CAA772A005E7DED /* EmptyChannelTableViewCell.swift */ = {isa = PBXFileReference; fileEncoding = 4; lastKnownFileType = sourcecode.swift; path = EmptyChannelTableViewCell.swift; sourceTree = "<group>"; };
		A202E8E81CAFA604005E7DED /* HeaderCell.swift */ = {isa = PBXFileReference; fileEncoding = 4; lastKnownFileType = sourcecode.swift; path = HeaderCell.swift; sourceTree = "<group>"; };
		A2047F7F1CB2F80C0087C2F7 /* TopAlignedLabel.swift */ = {isa = PBXFileReference; fileEncoding = 4; lastKnownFileType = sourcecode.swift; path = TopAlignedLabel.swift; sourceTree = "<group>"; };
		A2047F811CB3003E0087C2F7 /* ChannelEmptyCell.xib */ = {isa = PBXFileReference; fileEncoding = 4; lastKnownFileType = file.xib; path = ChannelEmptyCell.xib; sourceTree = "<group>"; };
		A2047F831CB300880087C2F7 /* ChannelEmptyCell.swift */ = {isa = PBXFileReference; fileEncoding = 4; lastKnownFileType = sourcecode.swift; path = ChannelEmptyCell.swift; sourceTree = "<group>"; };
		A22F63A01CA5280000AAA126 /* FacebookLoginClient.swift */ = {isa = PBXFileReference; fileEncoding = 4; lastKnownFileType = sourcecode.swift; path = FacebookLoginClient.swift; sourceTree = "<group>"; };
		A23EC38E1C968BB800398BF2 /* MyChannelTableViewCell.swift */ = {isa = PBXFileReference; fileEncoding = 4; lastKnownFileType = sourcecode.swift; path = MyChannelTableViewCell.swift; sourceTree = "<group>"; };
		A23EC3901C968BC700398BF2 /* MyChannelTableViewCell.xib */ = {isa = PBXFileReference; fileEncoding = 4; lastKnownFileType = file.xib; path = MyChannelTableViewCell.xib; sourceTree = "<group>"; };
		A29BA4941C900D8200ED13A5 /* DataLayer.swift */ = {isa = PBXFileReference; fileEncoding = 4; lastKnownFileType = sourcecode.swift; path = DataLayer.swift; sourceTree = "<group>"; };
		A29BA4961C9120FD00ED13A5 /* User.swift */ = {isa = PBXFileReference; fileEncoding = 4; lastKnownFileType = sourcecode.swift; path = User.swift; sourceTree = "<group>"; };
		A29BA4981C91235400ED13A5 /* Filters.swift */ = {isa = PBXFileReference; fileEncoding = 4; lastKnownFileType = sourcecode.swift; path = Filters.swift; sourceTree = "<group>"; };
		A29BA49A1C9124FD00ED13A5 /* Mock.swift */ = {isa = PBXFileReference; fileEncoding = 4; lastKnownFileType = sourcecode.swift; path = Mock.swift; sourceTree = "<group>"; };
		A2A3A3C31C8ACC7A00D1173C /* Base */ = {isa = PBXFileReference; lastKnownFileType = file.storyboard; name = Base; path = SmartStream/Base.lproj/Player.storyboard; sourceTree = "<group>"; };
		A2A3A3C51C8ACCAF00D1173C /* LoginViewController.swift */ = {isa = PBXFileReference; fileEncoding = 4; lastKnownFileType = sourcecode.swift; name = LoginViewController.swift; path = SmartStream/LoginViewController.swift; sourceTree = "<group>"; };
		A2A3A3C71C8AD50B00D1173C /* HomeViewController.swift */ = {isa = PBXFileReference; fileEncoding = 4; lastKnownFileType = sourcecode.swift; lineEnding = 0; path = HomeViewController.swift; sourceTree = "<group>"; xcLanguageSpecificationIdentifier = xcode.lang.swift; };
		A2A3A3C91C8AD8B900D1173C /* FiltersViewController.swift */ = {isa = PBXFileReference; fileEncoding = 4; lastKnownFileType = sourcecode.swift; name = FiltersViewController.swift; path = SmartStream/FiltersViewController.swift; sourceTree = "<group>"; };
		A2A3A3CB1C8AD8D600D1173C /* ChannelEditorViewController.swift */ = {isa = PBXFileReference; fileEncoding = 4; lastKnownFileType = sourcecode.swift; path = ChannelEditorViewController.swift; sourceTree = "<group>"; };
		A2A3A3CD1C8AD90400D1173C /* ExploreViewController.swift */ = {isa = PBXFileReference; fileEncoding = 4; lastKnownFileType = sourcecode.swift; name = ExploreViewController.swift; path = SmartStream/ExploreViewController.swift; sourceTree = "<group>"; };
		A2A3A3CF1C8AD94A00D1173C /* MyChannelsViewController.swift */ = {isa = PBXFileReference; fileEncoding = 4; lastKnownFileType = sourcecode.swift; lineEnding = 0; name = MyChannelsViewController.swift; path = SmartStream/MyChannelsViewController.swift; sourceTree = "<group>"; xcLanguageSpecificationIdentifier = xcode.lang.swift; };
		A2A3A3D21C8AD99100D1173C /* Base */ = {isa = PBXFileReference; lastKnownFileType = file.storyboard; name = Base; path = SmartStream/Base.lproj/MyChannels.storyboard; sourceTree = "<group>"; };
		A2A3A3D41C8AD9A300D1173C /* Explore.storyboard */ = {isa = PBXFileReference; fileEncoding = 4; lastKnownFileType = file.storyboard; path = Explore.storyboard; sourceTree = "<group>"; };
		A2A3A3D71C8AD9C200D1173C /* Base */ = {isa = PBXFileReference; lastKnownFileType = file.storyboard; name = Base; path = SmartStream/Base.lproj/ChannelEditor.storyboard; sourceTree = "<group>"; };
		A2A3A3DA1C8AD9E500D1173C /* Base */ = {isa = PBXFileReference; lastKnownFileType = file.storyboard; name = Base; path = SmartStream/Base.lproj/Filters.storyboard; sourceTree = "<group>"; };
		A2A3A3DC1C8AE1C200D1173C /* Home.storyboard */ = {isa = PBXFileReference; fileEncoding = 4; lastKnownFileType = file.storyboard; path = Home.storyboard; sourceTree = "<group>"; };
		A2A3A3DE1C8AF74500D1173C /* ChannelCollectionViewCell.swift */ = {isa = PBXFileReference; fileEncoding = 4; lastKnownFileType = sourcecode.swift; name = ChannelCollectionViewCell.swift; path = SmartStream/ChannelCollectionViewCell.swift; sourceTree = "<group>"; };
		A2AD4ECC1CA1D80B00810E96 /* HighlightedStateView.swift */ = {isa = PBXFileReference; fileEncoding = 4; lastKnownFileType = sourcecode.swift; path = HighlightedStateView.swift; sourceTree = "<group>"; };
		A2B9E1541C9A14D9009FD91B /* TweetCell.swift */ = {isa = PBXFileReference; fileEncoding = 4; lastKnownFileType = sourcecode.swift; path = TweetCell.swift; sourceTree = "<group>"; };
		A2B9E1571C9A1540009FD91B /* TweetCell.xib */ = {isa = PBXFileReference; fileEncoding = 4; lastKnownFileType = file.xib; path = TweetCell.xib; sourceTree = "<group>"; };
		A2B9E15C1C9A509A009FD91B /* ExploreSectionCollectionReusableView.swift */ = {isa = PBXFileReference; fileEncoding = 4; lastKnownFileType = sourcecode.swift; path = ExploreSectionCollectionReusableView.swift; sourceTree = "<group>"; };
		A2B9E15E1C9AC09D009FD91B /* GradientView.swift */ = {isa = PBXFileReference; fileEncoding = 4; lastKnownFileType = sourcecode.swift; path = GradientView.swift; sourceTree = "<group>"; };
		A2B9E1611C9B5274009FD91B /* ProfileAvatarCell.swift */ = {isa = PBXFileReference; fileEncoding = 4; lastKnownFileType = sourcecode.swift; path = ProfileAvatarCell.swift; sourceTree = "<group>"; };
		A2B9E1651C9B611D009FD91B /* MenuView.storyboard */ = {isa = PBXFileReference; fileEncoding = 4; lastKnownFileType = file.storyboard; path = MenuView.storyboard; sourceTree = "<group>"; };
		A2B9E1671C9B618C009FD91B /* MenuViewController.swift */ = {isa = PBXFileReference; fileEncoding = 4; lastKnownFileType = sourcecode.swift; path = MenuViewController.swift; sourceTree = "<group>"; };
		A2F231E71C8D22060053956D /* Theme.swift */ = {isa = PBXFileReference; fileEncoding = 4; lastKnownFileType = sourcecode.swift; path = Theme.swift; sourceTree = "<group>"; };
		A2F231ED1C8D69D10053956D /* FilterSwitchCell.xib */ = {isa = PBXFileReference; fileEncoding = 4; lastKnownFileType = file.xib; path = FilterSwitchCell.xib; sourceTree = "<group>"; };
		A2F231EF1C8D6AB20053956D /* FilterSwitchCell.swift */ = {isa = PBXFileReference; fileEncoding = 4; lastKnownFileType = sourcecode.swift; path = FilterSwitchCell.swift; sourceTree = "<group>"; };
		A2F231F21C8D7A590053956D /* FilterSelectCell.swift */ = {isa = PBXFileReference; fileEncoding = 4; lastKnownFileType = sourcecode.swift; path = FilterSelectCell.swift; sourceTree = "<group>"; };
		A2F231F41C8D7A670053956D /* FilterSelectCell.xib */ = {isa = PBXFileReference; fileEncoding = 4; lastKnownFileType = file.xib; path = FilterSelectCell.xib; sourceTree = "<group>"; };
		A3F3374B6CB8B1F208AFBD3F /* Pods-TeeVee.release.xcconfig */ = {isa = PBXFileReference; includeInIndex = 1; lastKnownFileType = text.xcconfig; name = "Pods-TeeVee.release.xcconfig"; path = "Pods/Target Support Files/Pods-TeeVee/Pods-TeeVee.release.xcconfig"; sourceTree = "<group>"; };
		BD8A1B57173A91FCB99CEDED /* Pods-TeeVee.debug.xcconfig */ = {isa = PBXFileReference; includeInIndex = 1; lastKnownFileType = text.xcconfig; name = "Pods-TeeVee.debug.xcconfig"; path = "Pods/Target Support Files/Pods-TeeVee/Pods-TeeVee.debug.xcconfig"; sourceTree = "<group>"; };
		E0DC4BD47051E71BBC37FC60 /* Pods-SmartStream.release.xcconfig */ = {isa = PBXFileReference; includeInIndex = 1; lastKnownFileType = text.xcconfig; name = "Pods-SmartStream.release.xcconfig"; path = "Pods/Target Support Files/Pods-SmartStream/Pods-SmartStream.release.xcconfig"; sourceTree = "<group>"; };
		FF526339D509361611EFB68C /* Pods-SmartStream.debug.xcconfig */ = {isa = PBXFileReference; includeInIndex = 1; lastKnownFileType = text.xcconfig; name = "Pods-SmartStream.debug.xcconfig"; path = "Pods/Target Support Files/Pods-SmartStream/Pods-SmartStream.debug.xcconfig"; sourceTree = "<group>"; };
/* End PBXFileReference section */

/* Begin PBXFrameworksBuildPhase section */
		0B597B4A1C844AD900D4AC57 /* Frameworks */ = {
			isa = PBXFrameworksBuildPhase;
			buildActionMask = 2147483647;
			files = (
				EC301C8EF77F940651D7034B /* Pods_TeeVee.framework in Frameworks */,
			);
			runOnlyForDeploymentPostprocessing = 0;
		};
/* End PBXFrameworksBuildPhase section */

/* Begin PBXGroup section */
		0B1459581C8BA73E001E6C23 /* Login */ = {
			isa = PBXGroup;
			children = (
				0B597B541C844AD900D4AC57 /* Login.storyboard */,
				A2A3A3C51C8ACCAF00D1173C /* LoginViewController.swift */,
			);
			name = Login;
			sourceTree = "<group>";
		};
		0B1459591C8BA75B001E6C23 /* Home */ = {
			isa = PBXGroup;
			children = (
				A2A3A3DC1C8AE1C200D1173C /* Home.storyboard */,
				A2A3A3C71C8AD50B00D1173C /* HomeViewController.swift */,
				492D02A81C8D189B000AAF17 /* Channels */,
			);
			name = Home;
			sourceTree = "<group>";
		};
		0B14595A1C8BA77C001E6C23 /* MyFeed */ = {
			isa = PBXGroup;
			children = (
				A2A3A3D11C8AD99100D1173C /* MyChannels.storyboard */,
				A2A3A3CF1C8AD94A00D1173C /* MyChannelsViewController.swift */,
			);
			name = MyFeed;
			sourceTree = "<group>";
		};
		0B14595B1C8BA791001E6C23 /* ChannelEditor */ = {
			isa = PBXGroup;
			children = (
				A2A3A3D61C8AD9C200D1173C /* ChannelEditor.storyboard */,
				A2A3A3CB1C8AD8D600D1173C /* ChannelEditorViewController.swift */,
				0B14595C1C8BA811001E6C23 /* Filters */,
			);
			name = ChannelEditor;
			sourceTree = "<group>";
		};
		0B14595C1C8BA811001E6C23 /* Filters */ = {
			isa = PBXGroup;
			children = (
				A2A3A3D91C8AD9E500D1173C /* Filters.storyboard */,
				A2A3A3C91C8AD8B900D1173C /* FiltersViewController.swift */,
			);
			name = Filters;
			sourceTree = "<group>";
		};
		0B14595D1C8BA826001E6C23 /* ExploreFeed */ = {
			isa = PBXGroup;
			children = (
				A2A3A3D41C8AD9A300D1173C /* Explore.storyboard */,
				A2A3A3CD1C8AD90400D1173C /* ExploreViewController.swift */,
			);
			name = ExploreFeed;
			sourceTree = "<group>";
		};
		0B14595E1C8BA870001E6C23 /* Player */ = {
			isa = PBXGroup;
			children = (
				A2A3A3C21C8ACC7A00D1173C /* Player.storyboard */,
				0B597B521C844AD900D4AC57 /* PlayerViewController.swift */,
				0B40EE741C8BC05C00E6B65E /* ChannelManager.swift */,
				0B951B231C96B0580068C6AF /* SmartuPlayer.swift */,
				0B951B211C96ACD10068C6AF /* YoutubePlayerView.swift */,
				9AF70B0C1C973D9200302187 /* NativePlayerView.swift */,
				9AF70B0E1C974F9200302187 /* TweetPlayerView.swift */,
			);
			name = Player;
			sourceTree = "<group>";
		};
		0B14595F1C8BA9A0001E6C23 /* ChannelTableViewCell */ = {
			isa = PBXGroup;
			children = (
				A202E8DA1CA79F98005E7DED /* EmptyState */,
				492D02731C8B5E37000AAF17 /* ChannelTableViewCell.xib */,
				492D02721C8B5E37000AAF17 /* ChannelTableViewCell.swift */,
			);
			name = ChannelTableViewCell;
			sourceTree = "<group>";
		};
		0B1459601C8BA9B8001E6C23 /* ExploreCollectionViewCell */ = {
			isa = PBXGroup;
			children = (
				492D02A91C8FD7BD000AAF17 /* ChannelCollectionViewCell.xib */,
				A2A3A3DE1C8AF74500D1173C /* ChannelCollectionViewCell.swift */,
			);
			name = ExploreCollectionViewCell;
			sourceTree = "<group>";
		};
		0B2CD8A81C88447F0055BD50 /* API */ = {
			isa = PBXGroup;
			children = (
				0B2CD8A91C8844C60055BD50 /* ChannelClient.swift */,
				A22F63A01CA5280000AAA126 /* FacebookLoginClient.swift */,
			);
			name = API;
			sourceTree = "<group>";
		};
		0B2CD8AB1C88461B0055BD50 /* Models */ = {
			isa = PBXGroup;
			children = (
				0B2CD8AC1C8846270055BD50 /* Channel.swift */,
				0B2CD8AE1C8846650055BD50 /* ChannelItem.swift */,
				A29BA4941C900D8200ED13A5 /* DataLayer.swift */,
				A29BA4961C9120FD00ED13A5 /* User.swift */,
				A29BA4981C91235400ED13A5 /* Filters.swift */,
				A29BA49A1C9124FD00ED13A5 /* Mock.swift */,
				0B951B1D1C94ED520068C6AF /* CuratedInfo.swift */,
				0B951B1F1C94ED950068C6AF /* CarouselItem.swift */,
				0B951B251C9927EE0068C6AF /* Tweet.swift */,
				0B951B271C99280F0068C6AF /* TweetMedia.swift */,
				0B951B2C1C99307C0068C6AF /* TweetUser.swift */,
			);
			name = Models;
			sourceTree = "<group>";
		};
		0B597B441C844AD900D4AC57 = {
			isa = PBXGroup;
			children = (
				A2F231E61C8D21EC0053956D /* Themes */,
				0B1459581C8BA73E001E6C23 /* Login */,
				492D027B1C8BC6B1000AAF17 /* Menu */,
				0B1459591C8BA75B001E6C23 /* Home */,
				0B14595B1C8BA791001E6C23 /* ChannelEditor */,
				0B14595E1C8BA870001E6C23 /* Player */,
				492D02A31C8BE9DD000AAF17 /* Profile */,
				492D029E1C8BE121000AAF17 /* Settings */,
				A2A3A3C01C8ACAB800D1173C /* CommonViews */,
				0B2CD8AB1C88461B0055BD50 /* Models */,
				0B2CD8A81C88447F0055BD50 /* API */,
				0B951B291C99283C0068C6AF /* Utils */,
				0B597B4F1C844AD900D4AC57 /* SmartChannel */,
				0B597B4E1C844AD900D4AC57 /* Products */,
				F2E6AD5CEA5DC7BB6768D908 /* Pods */,
				5C4BB3A47471187CBA70ED90 /* Frameworks */,
			);
			sourceTree = "<group>";
		};
		0B597B4E1C844AD900D4AC57 /* Products */ = {
			isa = PBXGroup;
			children = (
				0B597B4D1C844AD900D4AC57 /* TeeVee.app */,
			);
			name = Products;
			sourceTree = "<group>";
		};
		0B597B4F1C844AD900D4AC57 /* SmartChannel */ = {
			isa = PBXGroup;
			children = (
				0B597B501C844AD900D4AC57 /* AppDelegate.swift */,
				0B597B571C844AD900D4AC57 /* Assets.xcassets */,
				0B597B5C1C844AD900D4AC57 /* Info.plist */,
				0B4B4F881CB65B2A00DAEE96 /* GoogleService-Info.plist */,
				0B2CD8BB1C8AFC500055BD50 /* SmartChannel-Bridging-Header.h */,
			);
			name = SmartChannel;
			path = SmartStream;
			sourceTree = "<group>";
		};
		0B951B291C99283C0068C6AF /* Utils */ = {
			isa = PBXGroup;
			children = (
				0B951B2A1C9928690068C6AF /* DateManager.swift */,
				49E805661C9D139F009249CF /* UINavigationControllerNoRotate.swift */,
				9A68103E1CA0E15A003B0E38 /* Constants.swift */,
				0B9744C61CAD1DE5006C829E /* StopTimer.swift */,
				0B9744C81CAFAF2A006C829E /* Queue.swift */,
			);
			name = Utils;
			sourceTree = "<group>";
		};
		492D027B1C8BC6B1000AAF17 /* Menu */ = {
			isa = PBXGroup;
			children = (
				A2B9E1601C9B4544009FD91B /* ProfileCells */,
				A2B9E1651C9B611D009FD91B /* MenuView.storyboard */,
				A2B9E1671C9B618C009FD91B /* MenuViewController.swift */,
			);
			name = Menu;
			sourceTree = "<group>";
		};
		492D029E1C8BE121000AAF17 /* Settings */ = {
			isa = PBXGroup;
			children = (
				492D029A1C8BE100000AAF17 /* Settings.storyboard */,
				492D029C1C8BE119000AAF17 /* SettingsViewController.swift */,
			);
			name = Settings;
			sourceTree = "<group>";
		};
		492D02A31C8BE9DD000AAF17 /* Profile */ = {
			isa = PBXGroup;
			children = (
				492D029F1C8BE961000AAF17 /* Profile.storyboard */,
				492D02A11C8BE997000AAF17 /* ProfileViewController.swift */,
			);
			name = Profile;
			sourceTree = "<group>";
		};
		492D02A81C8D189B000AAF17 /* Channels */ = {
			isa = PBXGroup;
			children = (
				492D02A41C8D1866000AAF17 /* Channels.storyboard */,
				492D02A61C8D188F000AAF17 /* ChannelsViewController.swift */,
				0B14595A1C8BA77C001E6C23 /* MyFeed */,
				0B14595D1C8BA826001E6C23 /* ExploreFeed */,
			);
			name = Channels;
			sourceTree = "<group>";
		};
		492D02B31C916D41000AAF17 /* ExploreCollectionPagingViewCell */ = {
			isa = PBXGroup;
			children = (
				492D02B01C916D3A000AAF17 /* ChannelCollectionPagingViewCell.xib */,
				492D02AF1C916D3A000AAF17 /* ChannelCollectionPagingViewCell.swift */,
				492D02B41C916F54000AAF17 /* ChannelCollectionPageView.xib */,
				492D02B61C916F7E000AAF17 /* ChannelCollectionPageView.swift */,
			);
			name = ExploreCollectionPagingViewCell;
			sourceTree = "<group>";
		};
		495B34531C937A8B002A4ADD /* CustomControlls */ = {
			isa = PBXGroup;
			children = (
				495B34541C937AC4002A4ADD /* SegmentedControl.swift */,
			);
			name = CustomControlls;
			sourceTree = "<group>";
		};
		5C4BB3A47471187CBA70ED90 /* Frameworks */ = {
			isa = PBXGroup;
			children = (
				60ACCFF50C60CCC4519D3769 /* Pods_SmartStream.framework */,
				9B0715D39343243A2CF77246 /* Pods_TeeVee.framework */,
			);
			name = Frameworks;
			sourceTree = "<group>";
		};
		A202E8DA1CA79F98005E7DED /* EmptyState */ = {
			isa = PBXGroup;
			children = (
				A202E8DC1CAA7665005E7DED /* EmptyChannelTableViewCell.xib */,
				A202E8DE1CAA772A005E7DED /* EmptyChannelTableViewCell.swift */,
				A2047F811CB3003E0087C2F7 /* ChannelEmptyCell.xib */,
				A2047F831CB300880087C2F7 /* ChannelEmptyCell.swift */,
				A202E8E81CAFA604005E7DED /* HeaderCell.swift */,
			);
			name = EmptyState;
			sourceTree = "<group>";
		};
		A23EC38D1C968BA100398BF2 /* MyChannelTableViewCell */ = {
			isa = PBXGroup;
			children = (
				A23EC3901C968BC700398BF2 /* MyChannelTableViewCell.xib */,
				A23EC38E1C968BB800398BF2 /* MyChannelTableViewCell.swift */,
			);
			name = MyChannelTableViewCell;
			sourceTree = "<group>";
		};
		A23EC3941C96C6A100398BF2 /* LaunchScreen */ = {
			isa = PBXGroup;
			children = (
				0B597B591C844AD900D4AC57 /* LaunchScreen.storyboard */,
			);
			name = LaunchScreen;
			sourceTree = "<group>";
		};
		A2A3A3C01C8ACAB800D1173C /* CommonViews */ = {
			isa = PBXGroup;
			children = (
				A2B9E1591C9A4FEC009FD91B /* ExploreCollectionViewHeader */,
				A23EC38D1C968BA100398BF2 /* MyChannelTableViewCell */,
				495B34531C937A8B002A4ADD /* CustomControlls */,
				A2F231E91C8D69730053956D /* FilterTableViewCell */,
				0B14595F1C8BA9A0001E6C23 /* ChannelTableViewCell */,
				492D02B31C916D41000AAF17 /* ExploreCollectionPagingViewCell */,
				0B1459601C8BA9B8001E6C23 /* ExploreCollectionViewCell */,
				A23EC3941C96C6A100398BF2 /* LaunchScreen */,
				A2B9E1561C9A14DF009FD91B /* TweetCell */,
				A2B9E16B1C9BBD9A009FD91B /* CustomViews */,
			);
			name = CommonViews;
			sourceTree = "<group>";
		};
		A2B9E1561C9A14DF009FD91B /* TweetCell */ = {
			isa = PBXGroup;
			children = (
				A2B9E1541C9A14D9009FD91B /* TweetCell.swift */,
				A2B9E1571C9A1540009FD91B /* TweetCell.xib */,
			);
			name = TweetCell;
			sourceTree = "<group>";
		};
		A2B9E1591C9A4FEC009FD91B /* ExploreCollectionViewHeader */ = {
			isa = PBXGroup;
			children = (
				A2B9E15C1C9A509A009FD91B /* ExploreSectionCollectionReusableView.swift */,
			);
			name = ExploreCollectionViewHeader;
			sourceTree = "<group>";
		};
		A2B9E1601C9B4544009FD91B /* ProfileCells */ = {
			isa = PBXGroup;
			children = (
				A2B9E1611C9B5274009FD91B /* ProfileAvatarCell.swift */,
			);
			name = ProfileCells;
			sourceTree = "<group>";
		};
		A2B9E16B1C9BBD9A009FD91B /* CustomViews */ = {
			isa = PBXGroup;
			children = (
				A2B9E15E1C9AC09D009FD91B /* GradientView.swift */,
				A2AD4ECC1CA1D80B00810E96 /* HighlightedStateView.swift */,
				A2047F7F1CB2F80C0087C2F7 /* TopAlignedLabel.swift */,
			);
			name = CustomViews;
			sourceTree = "<group>";
		};
		A2F231E61C8D21EC0053956D /* Themes */ = {
			isa = PBXGroup;
			children = (
				A2F231E71C8D22060053956D /* Theme.swift */,
			);
			name = Themes;
			sourceTree = "<group>";
		};
		A2F231E91C8D69730053956D /* FilterTableViewCell */ = {
			isa = PBXGroup;
			children = (
				A2F231F11C8D7A370053956D /* FilterSelectCell */,
				A2F231EA1C8D69880053956D /* FilterSwitchCell */,
			);
			name = FilterTableViewCell;
			sourceTree = "<group>";
		};
		A2F231EA1C8D69880053956D /* FilterSwitchCell */ = {
			isa = PBXGroup;
			children = (
				A2F231EF1C8D6AB20053956D /* FilterSwitchCell.swift */,
				A2F231ED1C8D69D10053956D /* FilterSwitchCell.xib */,
			);
			name = FilterSwitchCell;
			sourceTree = "<group>";
		};
		A2F231F11C8D7A370053956D /* FilterSelectCell */ = {
			isa = PBXGroup;
			children = (
				A2F231F21C8D7A590053956D /* FilterSelectCell.swift */,
				A2F231F41C8D7A670053956D /* FilterSelectCell.xib */,
			);
			name = FilterSelectCell;
			sourceTree = "<group>";
		};
		F2E6AD5CEA5DC7BB6768D908 /* Pods */ = {
			isa = PBXGroup;
			children = (
				FF526339D509361611EFB68C /* Pods-SmartStream.debug.xcconfig */,
				E0DC4BD47051E71BBC37FC60 /* Pods-SmartStream.release.xcconfig */,
				BD8A1B57173A91FCB99CEDED /* Pods-TeeVee.debug.xcconfig */,
				A3F3374B6CB8B1F208AFBD3F /* Pods-TeeVee.release.xcconfig */,
			);
			name = Pods;
			sourceTree = "<group>";
		};
/* End PBXGroup section */

/* Begin PBXNativeTarget section */
		0B597B4C1C844AD900D4AC57 /* TeeVee */ = {
			isa = PBXNativeTarget;
			buildConfigurationList = 0B597B5F1C844AD900D4AC57 /* Build configuration list for PBXNativeTarget "TeeVee" */;
			buildPhases = (
				C8C9B1B5814EABE0FAE3542D /* 📦 Check Pods Manifest.lock */,
				0B597B491C844AD900D4AC57 /* Sources */,
				0B597B4A1C844AD900D4AC57 /* Frameworks */,
				0B597B4B1C844AD900D4AC57 /* Resources */,
				0B11DD261C8ED34600012E85 /* ShellScript */,
				ADC2E3A204F20946D90DCF31 /* 📦 Embed Pods Frameworks */,
				6DE69C775F2B9EE3BEF39FF8 /* 📦 Copy Pods Resources */,
			);
			buildRules = (
			);
			dependencies = (
			);
			name = TeeVee;
			productName = SmartStream;
			productReference = 0B597B4D1C844AD900D4AC57 /* TeeVee.app */;
			productType = "com.apple.product-type.application";
		};
/* End PBXNativeTarget section */

/* Begin PBXProject section */
		0B597B451C844AD900D4AC57 /* Project object */ = {
			isa = PBXProject;
			attributes = {
				LastSwiftUpdateCheck = 0720;
				LastUpgradeCheck = 0720;
				ORGANIZATIONNAME = SmartStream;
				TargetAttributes = {
					0B597B4C1C844AD900D4AC57 = {
						CreatedOnToolsVersion = 7.2;
						DevelopmentTeam = 866334M537;
						SystemCapabilities = {
							com.apple.Push = {
								enabled = 1;
							};
						};
					};
				};
			};
			buildConfigurationList = 0B597B481C844AD900D4AC57 /* Build configuration list for PBXProject "TeeVee" */;
			compatibilityVersion = "Xcode 3.2";
			developmentRegion = English;
			hasScannedForEncodings = 0;
			knownRegions = (
				en,
				Base,
			);
			mainGroup = 0B597B441C844AD900D4AC57;
			productRefGroup = 0B597B4E1C844AD900D4AC57 /* Products */;
			projectDirPath = "";
			projectRoot = "";
			targets = (
				0B597B4C1C844AD900D4AC57 /* TeeVee */,
			);
		};
/* End PBXProject section */

/* Begin PBXResourcesBuildPhase section */
		0B597B4B1C844AD900D4AC57 /* Resources */ = {
			isa = PBXResourcesBuildPhase;
			buildActionMask = 2147483647;
			files = (
				A2B9E1661C9B611D009FD91B /* MenuView.storyboard in Resources */,
				492D02A51C8D1866000AAF17 /* Channels.storyboard in Resources */,
				0B597B5B1C844AD900D4AC57 /* LaunchScreen.storyboard in Resources */,
				492D02B21C916D3A000AAF17 /* ChannelCollectionPagingViewCell.xib in Resources */,
				A2A3A3D31C8AD99100D1173C /* MyChannels.storyboard in Resources */,
				A2A3A3C41C8ACC7A00D1173C /* Player.storyboard in Resources */,
				492D029B1C8BE100000AAF17 /* Settings.storyboard in Resources */,
				492D02751C8B5E37000AAF17 /* ChannelTableViewCell.xib in Resources */,
				492D02A01C8BE961000AAF17 /* Profile.storyboard in Resources */,
				A202E8DD1CAA7665005E7DED /* EmptyChannelTableViewCell.xib in Resources */,
				492D02B51C916F54000AAF17 /* ChannelCollectionPageView.xib in Resources */,
				0B597B581C844AD900D4AC57 /* Assets.xcassets in Resources */,
				A2A3A3D51C8AD9A300D1173C /* Explore.storyboard in Resources */,
				A2F231EE1C8D69D10053956D /* FilterSwitchCell.xib in Resources */,
				A2F231F51C8D7A670053956D /* FilterSelectCell.xib in Resources */,
				A2A3A3DD1C8AE1C200D1173C /* Home.storyboard in Resources */,
				0B597B561C844AD900D4AC57 /* Login.storyboard in Resources */,
				0B4B4F891CB65B2A00DAEE96 /* GoogleService-Info.plist in Resources */,
				A2047F821CB3003E0087C2F7 /* ChannelEmptyCell.xib in Resources */,
				A2A3A3DB1C8AD9E500D1173C /* Filters.storyboard in Resources */,
				A2B9E1581C9A1540009FD91B /* TweetCell.xib in Resources */,
				A23EC3911C968BC700398BF2 /* MyChannelTableViewCell.xib in Resources */,
				492D02AA1C8FD7BD000AAF17 /* ChannelCollectionViewCell.xib in Resources */,
				A2A3A3D81C8AD9C200D1173C /* ChannelEditor.storyboard in Resources */,
			);
			runOnlyForDeploymentPostprocessing = 0;
		};
/* End PBXResourcesBuildPhase section */

/* Begin PBXShellScriptBuildPhase section */
		0B11DD261C8ED34600012E85 /* ShellScript */ = {
			isa = PBXShellScriptBuildPhase;
			buildActionMask = 2147483647;
			files = (
			);
			inputPaths = (
			);
			outputPaths = (
			);
			runOnlyForDeploymentPostprocessing = 0;
			shellPath = /bin/sh;
			shellScript = "\"${PODS_ROOT}/Fabric/run\" 061fb4d7ee4226639f930ab14c81b7512639e650 a2a9b20787f94efdbe1fda02b4ba0780f4d02dc6b4e3ae8229ef0611a69cc3b1";
		};
		6DE69C775F2B9EE3BEF39FF8 /* 📦 Copy Pods Resources */ = {
			isa = PBXShellScriptBuildPhase;
			buildActionMask = 2147483647;
			files = (
			);
			inputPaths = (
			);
			name = "📦 Copy Pods Resources";
			outputPaths = (
			);
			runOnlyForDeploymentPostprocessing = 0;
			shellPath = /bin/sh;
			shellScript = "\"${SRCROOT}/Pods/Target Support Files/Pods-TeeVee/Pods-TeeVee-resources.sh\"\n";
			showEnvVarsInLog = 0;
		};
		ADC2E3A204F20946D90DCF31 /* 📦 Embed Pods Frameworks */ = {
			isa = PBXShellScriptBuildPhase;
			buildActionMask = 2147483647;
			files = (
			);
			inputPaths = (
			);
			name = "📦 Embed Pods Frameworks";
			outputPaths = (
			);
			runOnlyForDeploymentPostprocessing = 0;
			shellPath = /bin/sh;
			shellScript = "\"${SRCROOT}/Pods/Target Support Files/Pods-TeeVee/Pods-TeeVee-frameworks.sh\"\n";
			showEnvVarsInLog = 0;
		};
		C8C9B1B5814EABE0FAE3542D /* 📦 Check Pods Manifest.lock */ = {
			isa = PBXShellScriptBuildPhase;
			buildActionMask = 2147483647;
			files = (
			);
			inputPaths = (
			);
			name = "📦 Check Pods Manifest.lock";
			outputPaths = (
			);
			runOnlyForDeploymentPostprocessing = 0;
			shellPath = /bin/sh;
			shellScript = "diff \"${PODS_ROOT}/../Podfile.lock\" \"${PODS_ROOT}/Manifest.lock\" > /dev/null\nif [[ $? != 0 ]] ; then\n    cat << EOM\nerror: The sandbox is not in sync with the Podfile.lock. Run 'pod install' or update your CocoaPods installation.\nEOM\n    exit 1\nfi\n";
			showEnvVarsInLog = 0;
		};
/* End PBXShellScriptBuildPhase section */

/* Begin PBXSourcesBuildPhase section */
		0B597B491C844AD900D4AC57 /* Sources */ = {
			isa = PBXSourcesBuildPhase;
			buildActionMask = 2147483647;
			files = (
				0B951B281C99280F0068C6AF /* TweetMedia.swift in Sources */,
				A2A3A3D01C8AD94A00D1173C /* MyChannelsViewController.swift in Sources */,
				0B951B201C94ED950068C6AF /* CarouselItem.swift in Sources */,
				A29BA4991C91235400ED13A5 /* Filters.swift in Sources */,
				A2A3A3C61C8ACCAF00D1173C /* LoginViewController.swift in Sources */,
				492D02741C8B5E37000AAF17 /* ChannelTableViewCell.swift in Sources */,
				0B40EE751C8BC05C00E6B65E /* ChannelManager.swift in Sources */,
				A2A3A3DF1C8AF74500D1173C /* ChannelCollectionViewCell.swift in Sources */,
				0B2CD8AA1C8844C60055BD50 /* ChannelClient.swift in Sources */,
				492D02B71C916F7E000AAF17 /* ChannelCollectionPageView.swift in Sources */,
				0B951B2B1C9928690068C6AF /* DateManager.swift in Sources */,
				A22F63A11CA5280000AAA126 /* FacebookLoginClient.swift in Sources */,
				A2A3A3CE1C8AD90400D1173C /* ExploreViewController.swift in Sources */,
				0B951B261C9927EE0068C6AF /* Tweet.swift in Sources */,
				492D02A21C8BE997000AAF17 /* ProfileViewController.swift in Sources */,
				A2047F801CB2F80C0087C2F7 /* TopAlignedLabel.swift in Sources */,
				A29BA4951C900D8200ED13A5 /* DataLayer.swift in Sources */,
				495B34551C937AC4002A4ADD /* SegmentedControl.swift in Sources */,
				0B9744C71CAD1DE5006C829E /* StopTimer.swift in Sources */,
				492D02B11C916D3A000AAF17 /* ChannelCollectionPagingViewCell.swift in Sources */,
				A2F231F31C8D7A590053956D /* FilterSelectCell.swift in Sources */,
				A29BA49B1C9124FD00ED13A5 /* Mock.swift in Sources */,
				0B951B241C96B0580068C6AF /* SmartuPlayer.swift in Sources */,
				A202E8DF1CAA772A005E7DED /* EmptyChannelTableViewCell.swift in Sources */,
				9AF70B0F1C974F9200302187 /* TweetPlayerView.swift in Sources */,
				A2A3A3CC1C8AD8D600D1173C /* ChannelEditorViewController.swift in Sources */,
				A2F231F01C8D6AB20053956D /* FilterSwitchCell.swift in Sources */,
				9AF70B0D1C973D9200302187 /* NativePlayerView.swift in Sources */,
				A2F231E81C8D22060053956D /* Theme.swift in Sources */,
				0B951B1E1C94ED520068C6AF /* CuratedInfo.swift in Sources */,
				0B951B2D1C99307C0068C6AF /* TweetUser.swift in Sources */,
				A2A3A3CA1C8AD8B900D1173C /* FiltersViewController.swift in Sources */,
				0B9744C91CAFAF2A006C829E /* Queue.swift in Sources */,
				A2AD4ECD1CA1D80B00810E96 /* HighlightedStateView.swift in Sources */,
				9A68103F1CA0E15A003B0E38 /* Constants.swift in Sources */,
				492D02A71C8D188F000AAF17 /* ChannelsViewController.swift in Sources */,
				492D029D1C8BE119000AAF17 /* SettingsViewController.swift in Sources */,
				0B597B531C844AD900D4AC57 /* PlayerViewController.swift in Sources */,
				A2047F841CB300880087C2F7 /* ChannelEmptyCell.swift in Sources */,
				A202E8E91CAFA604005E7DED /* HeaderCell.swift in Sources */,
				A23EC38F1C968BB800398BF2 /* MyChannelTableViewCell.swift in Sources */,
				0B2CD8AF1C8846650055BD50 /* ChannelItem.swift in Sources */,
				A2A3A3C81C8AD50B00D1173C /* HomeViewController.swift in Sources */,
				A2B9E1551C9A14D9009FD91B /* TweetCell.swift in Sources */,
				0B951B221C96ACD10068C6AF /* YoutubePlayerView.swift in Sources */,
				A29BA4971C9120FD00ED13A5 /* User.swift in Sources */,
				0B597B511C844AD900D4AC57 /* AppDelegate.swift in Sources */,
				A2B9E15D1C9A509A009FD91B /* ExploreSectionCollectionReusableView.swift in Sources */,
				A2B9E15F1C9AC09D009FD91B /* GradientView.swift in Sources */,
				A2B9E1621C9B5274009FD91B /* ProfileAvatarCell.swift in Sources */,
				49E805671C9D139F009249CF /* UINavigationControllerNoRotate.swift in Sources */,
				0B2CD8AD1C8846270055BD50 /* Channel.swift in Sources */,
				A2B9E1681C9B618C009FD91B /* MenuViewController.swift in Sources */,
			);
			runOnlyForDeploymentPostprocessing = 0;
		};
/* End PBXSourcesBuildPhase section */

/* Begin PBXVariantGroup section */
		0B597B541C844AD900D4AC57 /* Login.storyboard */ = {
			isa = PBXVariantGroup;
			children = (
				0B597B551C844AD900D4AC57 /* Base */,
			);
			name = Login.storyboard;
			path = SmartStream;
			sourceTree = "<group>";
		};
		0B597B591C844AD900D4AC57 /* LaunchScreen.storyboard */ = {
			isa = PBXVariantGroup;
			children = (
				0B597B5A1C844AD900D4AC57 /* Base */,
			);
			name = LaunchScreen.storyboard;
			path = SmartStream;
			sourceTree = "<group>";
		};
		A2A3A3C21C8ACC7A00D1173C /* Player.storyboard */ = {
			isa = PBXVariantGroup;
			children = (
				A2A3A3C31C8ACC7A00D1173C /* Base */,
			);
			name = Player.storyboard;
			sourceTree = "<group>";
		};
		A2A3A3D11C8AD99100D1173C /* MyChannels.storyboard */ = {
			isa = PBXVariantGroup;
			children = (
				A2A3A3D21C8AD99100D1173C /* Base */,
			);
			name = MyChannels.storyboard;
			sourceTree = "<group>";
		};
		A2A3A3D61C8AD9C200D1173C /* ChannelEditor.storyboard */ = {
			isa = PBXVariantGroup;
			children = (
				A2A3A3D71C8AD9C200D1173C /* Base */,
			);
			name = ChannelEditor.storyboard;
			sourceTree = "<group>";
		};
		A2A3A3D91C8AD9E500D1173C /* Filters.storyboard */ = {
			isa = PBXVariantGroup;
			children = (
				A2A3A3DA1C8AD9E500D1173C /* Base */,
			);
			name = Filters.storyboard;
			sourceTree = "<group>";
		};
/* End PBXVariantGroup section */

/* Begin XCBuildConfiguration section */
		0B597B5D1C844AD900D4AC57 /* Debug */ = {
			isa = XCBuildConfiguration;
			buildSettings = {
				ALWAYS_SEARCH_USER_PATHS = NO;
				CLANG_CXX_LANGUAGE_STANDARD = "gnu++0x";
				CLANG_CXX_LIBRARY = "libc++";
				CLANG_ENABLE_MODULES = YES;
				CLANG_ENABLE_OBJC_ARC = YES;
				CLANG_WARN_BOOL_CONVERSION = YES;
				CLANG_WARN_CONSTANT_CONVERSION = YES;
				CLANG_WARN_DIRECT_OBJC_ISA_USAGE = YES_ERROR;
				CLANG_WARN_EMPTY_BODY = YES;
				CLANG_WARN_ENUM_CONVERSION = YES;
				CLANG_WARN_INT_CONVERSION = YES;
				CLANG_WARN_OBJC_ROOT_CLASS = YES_ERROR;
				CLANG_WARN_UNREACHABLE_CODE = YES;
				CLANG_WARN__DUPLICATE_METHOD_MATCH = YES;
				"CODE_SIGN_IDENTITY[sdk=iphoneos*]" = "iPhone Developer";
				COPY_PHASE_STRIP = NO;
				DEBUG_INFORMATION_FORMAT = dwarf;
				ENABLE_STRICT_OBJC_MSGSEND = YES;
				ENABLE_TESTABILITY = YES;
				GCC_C_LANGUAGE_STANDARD = gnu99;
				GCC_DYNAMIC_NO_PIC = NO;
				GCC_NO_COMMON_BLOCKS = YES;
				GCC_OPTIMIZATION_LEVEL = 0;
				GCC_PREPROCESSOR_DEFINITIONS = (
					"DEBUG=1",
					"$(inherited)",
				);
				GCC_WARN_64_TO_32_BIT_CONVERSION = YES;
				GCC_WARN_ABOUT_RETURN_TYPE = YES_ERROR;
				GCC_WARN_UNDECLARED_SELECTOR = YES;
				GCC_WARN_UNINITIALIZED_AUTOS = YES_AGGRESSIVE;
				GCC_WARN_UNUSED_FUNCTION = YES;
				GCC_WARN_UNUSED_VARIABLE = YES;
				IPHONEOS_DEPLOYMENT_TARGET = 9.2;
				MTL_ENABLE_DEBUG_INFO = YES;
				ONLY_ACTIVE_ARCH = YES;
				SDKROOT = iphoneos;
				SWIFT_OPTIMIZATION_LEVEL = "-Onone";
				TARGETED_DEVICE_FAMILY = "1,2";
			};
			name = Debug;
		};
		0B597B5E1C844AD900D4AC57 /* Release */ = {
			isa = XCBuildConfiguration;
			buildSettings = {
				ALWAYS_SEARCH_USER_PATHS = NO;
				CLANG_CXX_LANGUAGE_STANDARD = "gnu++0x";
				CLANG_CXX_LIBRARY = "libc++";
				CLANG_ENABLE_MODULES = YES;
				CLANG_ENABLE_OBJC_ARC = YES;
				CLANG_WARN_BOOL_CONVERSION = YES;
				CLANG_WARN_CONSTANT_CONVERSION = YES;
				CLANG_WARN_DIRECT_OBJC_ISA_USAGE = YES_ERROR;
				CLANG_WARN_EMPTY_BODY = YES;
				CLANG_WARN_ENUM_CONVERSION = YES;
				CLANG_WARN_INT_CONVERSION = YES;
				CLANG_WARN_OBJC_ROOT_CLASS = YES_ERROR;
				CLANG_WARN_UNREACHABLE_CODE = YES;
				CLANG_WARN__DUPLICATE_METHOD_MATCH = YES;
				"CODE_SIGN_IDENTITY[sdk=iphoneos*]" = "iPhone Developer";
				COPY_PHASE_STRIP = NO;
				DEBUG_INFORMATION_FORMAT = "dwarf-with-dsym";
				ENABLE_NS_ASSERTIONS = NO;
				ENABLE_STRICT_OBJC_MSGSEND = YES;
				GCC_C_LANGUAGE_STANDARD = gnu99;
				GCC_NO_COMMON_BLOCKS = YES;
				GCC_WARN_64_TO_32_BIT_CONVERSION = YES;
				GCC_WARN_ABOUT_RETURN_TYPE = YES_ERROR;
				GCC_WARN_UNDECLARED_SELECTOR = YES;
				GCC_WARN_UNINITIALIZED_AUTOS = YES_AGGRESSIVE;
				GCC_WARN_UNUSED_FUNCTION = YES;
				GCC_WARN_UNUSED_VARIABLE = YES;
				IPHONEOS_DEPLOYMENT_TARGET = 9.2;
				MTL_ENABLE_DEBUG_INFO = NO;
				SDKROOT = iphoneos;
				TARGETED_DEVICE_FAMILY = "1,2";
				VALIDATE_PRODUCT = YES;
			};
			name = Release;
		};
		0B597B601C844AD900D4AC57 /* Debug */ = {
			isa = XCBuildConfiguration;
			baseConfigurationReference = BD8A1B57173A91FCB99CEDED /* Pods-TeeVee.debug.xcconfig */;
			buildSettings = {
				ASSETCATALOG_COMPILER_APPICON_NAME = AppIcon;
				CLANG_ENABLE_MODULES = YES;
				CODE_SIGN_IDENTITY = "iPhone Developer";
				"CODE_SIGN_IDENTITY[sdk=iphoneos*]" = "iPhone Developer";
				INFOPLIST_FILE = SmartStream/Info.plist;
				LD_RUNPATH_SEARCH_PATHS = "$(inherited) @executable_path/Frameworks";
				PRODUCT_BUNDLE_IDENTIFIER = com.codepath.teevee;
				PRODUCT_NAME = TeeVee;
				PROVISIONING_PROFILE = "";
				SWIFT_OBJC_BRIDGING_HEADER = "SmartStream/SmartChannel-Bridging-Header.h";
				SWIFT_OPTIMIZATION_LEVEL = "-Onone";
				TARGETED_DEVICE_FAMILY = 1;
			};
			name = Debug;
		};
		0B597B611C844AD900D4AC57 /* Release */ = {
			isa = XCBuildConfiguration;
			baseConfigurationReference = A3F3374B6CB8B1F208AFBD3F /* Pods-TeeVee.release.xcconfig */;
			buildSettings = {
				ASSETCATALOG_COMPILER_APPICON_NAME = AppIcon;
				CLANG_ENABLE_MODULES = YES;
				CODE_SIGN_IDENTITY = "iPhone Developer";
				"CODE_SIGN_IDENTITY[sdk=iphoneos*]" = "iPhone Developer";
				INFOPLIST_FILE = SmartStream/Info.plist;
				LD_RUNPATH_SEARCH_PATHS = "$(inherited) @executable_path/Frameworks";
				PRODUCT_BUNDLE_IDENTIFIER = com.codepath.teevee;
				PRODUCT_NAME = TeeVee;
				PROVISIONING_PROFILE = "";
				SWIFT_OBJC_BRIDGING_HEADER = "SmartStream/SmartChannel-Bridging-Header.h";
				TARGETED_DEVICE_FAMILY = 1;
			};
			name = Release;
		};
/* End XCBuildConfiguration section */

/* Begin XCConfigurationList section */
		0B597B481C844AD900D4AC57 /* Build configuration list for PBXProject "TeeVee" */ = {
			isa = XCConfigurationList;
			buildConfigurations = (
				0B597B5D1C844AD900D4AC57 /* Debug */,
				0B597B5E1C844AD900D4AC57 /* Release */,
			);
			defaultConfigurationIsVisible = 0;
			defaultConfigurationName = Release;
		};
		0B597B5F1C844AD900D4AC57 /* Build configuration list for PBXNativeTarget "TeeVee" */ = {
			isa = XCConfigurationList;
			buildConfigurations = (
				0B597B601C844AD900D4AC57 /* Debug */,
				0B597B611C844AD900D4AC57 /* Release */,
			);
			defaultConfigurationIsVisible = 0;
			defaultConfigurationName = Release;
		};
/* End XCConfigurationList section */
	};
	rootObject = 0B597B451C844AD900D4AC57 /* Project object */;
}
